
Microsoft Visual Studio Solution File, Format Version 12.00
# Visual Studio Version 17
VisualStudioVersion = 17.11.35327.3
MinimumVisualStudioVersion = 10.0.40219.1
Project("{8BC9CEB8-8B4A-11D0-8D11-00A0C91BC942}") = "MessagerClient", "MessagerClient\MessagerClient.vcxproj", "{9886B356-D641-477C-AD8A-ED1949F7B5D9}"
EndProject
Project("{8BC9CEB8-8B4A-11D0-8D11-00A0C91BC942}") = "MessageServer", "MessageServer\MessageServer.vcxproj", "{E5E8FA3E-1202-46F5-BC68-8C5462F6CAE1}"
EndProject
Global
	GlobalSection(SolutionConfigurationPlatforms) = preSolution
		Debug|x64 = Debug|x64
		Debug|x86 = Debug|x86
		Release|x64 = Release|x64
		Release|x86 = Release|x86
	EndGlobalSection
	GlobalSection(ProjectConfigurationPlatforms) = postSolution
		{9886B356-D641-477C-AD8A-ED1949F7B5D9}.Debug|x64.ActiveCfg = Debug|x64
		{9886B356-D641-477C-AD8A-ED1949F7B5D9}.Debug|x64.Build.0 = Debug|x64
		{9886B356-D641-477C-AD8A-ED1949F7B5D9}.Debug|x86.ActiveCfg = Debug|Win32
		{9886B356-D641-477C-AD8A-ED1949F7B5D9}.Debug|x86.Build.0 = Debug|Win32
		{9886B356-D641-477C-AD8A-ED1949F7B5D9}.Release|x64.ActiveCfg = Release|x64
		{9886B356-D641-477C-AD8A-ED1949F7B5D9}.Release|x64.Build.0 = Release|x64
		{9886B356-D641-477C-AD8A-ED1949F7B5D9}.Release|x86.ActiveCfg = Release|Win32
		{9886B356-D641-477C-AD8A-ED1949F7B5D9}.Release|x86.Build.0 = Release|Win32
		{E5E8FA3E-1202-46F5-BC68-8C5462F6CAE1}.Debug|x64.ActiveCfg = Debug|x64
		{E5E8FA3E-1202-46F5-BC68-8C5462F6CAE1}.Debug|x64.Build.0 = Debug|x64
		{E5E8FA3E-1202-46F5-BC68-8C5462F6CAE1}.Debug|x86.ActiveCfg = Debug|Win32
		{E5E8FA3E-1202-46F5-BC68-8C5462F6CAE1}.Debug|x86.Build.0 = Debug|Win32
		{E5E8FA3E-1202-46F5-BC68-8C5462F6CAE1}.Release|x64.ActiveCfg = Release|x64
		{E5E8FA3E-1202-46F5-BC68-8C5462F6CAE1}.Release|x64.Build.0 = Release|x64
		{E5E8FA3E-1202-46F5-BC68-8C5462F6CAE1}.Release|x86.ActiveCfg = Release|Win32
		{E5E8FA3E-1202-46F5-BC68-8C5462F6CAE1}.Release|x86.Build.0 = Release|Win32
	EndGlobalSection
	GlobalSection(SolutionProperties) = preSolution
		HideSolutionNode = FALSE
	EndGlobalSection
	GlobalSection(ExtensibilityGlobals) = postSolution
		SolutionGuid = {A1CAA476-C2B6-46FE-93A8-00C0D0AA6D5C}
	EndGlobalSection
EndGlobal
